// !$*UTF8*$!
{
	archiveVersion = 1;
	classes = {
	};
	objectVersion = 50;
	objects = {

/* Begin PBXBuildFile section */
		095CAF1323CB078800503188 /* AppDelegate.swift in Sources */ = {isa = PBXBuildFile; fileRef = 095CAF1223CB078800503188 /* AppDelegate.swift */; };
		095CAF1523CB078800503188 /* SceneDelegate.swift in Sources */ = {isa = PBXBuildFile; fileRef = 095CAF1423CB078800503188 /* SceneDelegate.swift */; };
		095CAF1723CB078800503188 /* ViewController.swift in Sources */ = {isa = PBXBuildFile; fileRef = 095CAF1623CB078800503188 /* ViewController.swift */; };
		095CAF1A23CB078800503188 /* Main.storyboard in Resources */ = {isa = PBXBuildFile; fileRef = 095CAF1823CB078800503188 /* Main.storyboard */; };
		095CAF1C23CB078B00503188 /* Assets.xcassets in Resources */ = {isa = PBXBuildFile; fileRef = 095CAF1B23CB078B00503188 /* Assets.xcassets */; };
		095CAF1F23CB078B00503188 /* LaunchScreen.storyboard in Resources */ = {isa = PBXBuildFile; fileRef = 095CAF1D23CB078B00503188 /* LaunchScreen.storyboard */; };
		A8198DE48BEDFD80BD7AF451 /* Pods_FirestoreTest.framework in Frameworks */ = {isa = PBXBuildFile; fileRef = 1400C1F314E9CC28A59873E6 /* Pods_FirestoreTest.framework */; };
/* End PBXBuildFile section */

/* Begin PBXFileReference section */
		095CAF0F23CB078700503188 /* FirestoreTest.app */ = {isa = PBXFileReference; explicitFileType = wrapper.application; includeInIndex = 0; path = FirestoreTest.app; sourceTree = BUILT_PRODUCTS_DIR; };
		095CAF1223CB078800503188 /* AppDelegate.swift */ = {isa = PBXFileReference; lastKnownFileType = sourcecode.swift; path = AppDelegate.swift; sourceTree = "<group>"; };
		095CAF1423CB078800503188 /* SceneDelegate.swift */ = {isa = PBXFileReference; lastKnownFileType = sourcecode.swift; path = SceneDelegate.swift; sourceTree = "<group>"; };
		095CAF1623CB078800503188 /* ViewController.swift */ = {isa = PBXFileReference; lastKnownFileType = sourcecode.swift; path = ViewController.swift; sourceTree = "<group>"; };
		095CAF1923CB078800503188 /* Base */ = {isa = PBXFileReference; lastKnownFileType = file.storyboard; name = Base; path = Base.lproj/Main.storyboard; sourceTree = "<group>"; };
		095CAF1B23CB078B00503188 /* Assets.xcassets */ = {isa = PBXFileReference; lastKnownFileType = folder.assetcatalog; path = Assets.xcassets; sourceTree = "<group>"; };
		095CAF1E23CB078B00503188 /* Base */ = {isa = PBXFileReference; lastKnownFileType = file.storyboard; name = Base; path = Base.lproj/LaunchScreen.storyboard; sourceTree = "<group>"; };
		095CAF2023CB078B00503188 /* Info.plist */ = {isa = PBXFileReference; lastKnownFileType = text.plist.xml; path = Info.plist; sourceTree = "<group>"; };
		1400C1F314E9CC28A59873E6 /* Pods_FirestoreTest.framework */ = {isa = PBXFileReference; explicitFileType = wrapper.framework; includeInIndex = 0; path = Pods_FirestoreTest.framework; sourceTree = BUILT_PRODUCTS_DIR; };
		448623DCC933FE2E4267A9F5 /* Pods-FirestoreTest.release.xcconfig */ = {isa = PBXFileReference; includeInIndex = 1; lastKnownFileType = text.xcconfig; name = "Pods-FirestoreTest.release.xcconfig"; path = "Target Support Files/Pods-FirestoreTest/Pods-FirestoreTest.release.xcconfig"; sourceTree = "<group>"; };
		78E627290A1F7C730B6C6295 /* Pods-FirestoreTest.debug.xcconfig */ = {isa = PBXFileReference; includeInIndex = 1; lastKnownFileType = text.xcconfig; name = "Pods-FirestoreTest.debug.xcconfig"; path = "Target Support Files/Pods-FirestoreTest/Pods-FirestoreTest.debug.xcconfig"; sourceTree = "<group>"; };
/* End PBXFileReference section */

/* Begin PBXFrameworksBuildPhase section */
		095CAF0C23CB078700503188 /* Frameworks */ = {
			isa = PBXFrameworksBuildPhase;
			buildActionMask = 2147483647;
			files = (
				A8198DE48BEDFD80BD7AF451 /* Pods_FirestoreTest.framework in Frameworks */,
			);
			runOnlyForDeploymentPostprocessing = 0;
		};
/* End PBXFrameworksBuildPhase section */

/* Begin PBXGroup section */
		095CAF0623CB078700503188 = {
			isa = PBXGroup;
			children = (
				095CAF1123CB078700503188 /* FirestoreTest */,
				095CAF1023CB078700503188 /* Products */,
				4231E455621FE0638C6510BE /* Pods */,
				EA715DE5ECD2ABBF39CC9F81 /* Frameworks */,
			);
			sourceTree = "<group>";
		};
		095CAF1023CB078700503188 /* Products */ = {
			isa = PBXGroup;
			children = (
				095CAF0F23CB078700503188 /* FirestoreTest.app */,
			);
			name = Products;
			sourceTree = "<group>";
		};
		095CAF1123CB078700503188 /* FirestoreTest */ = {
			isa = PBXGroup;
			children = (
				095CAF1223CB078800503188 /* AppDelegate.swift */,
				095CAF1423CB078800503188 /* SceneDelegate.swift */,
				095CAF1623CB078800503188 /* ViewController.swift */,
				095CAF1823CB078800503188 /* Main.storyboard */,
				095CAF1B23CB078B00503188 /* Assets.xcassets */,
				095CAF1D23CB078B00503188 /* LaunchScreen.storyboard */,
				095CAF2023CB078B00503188 /* Info.plist */,
			);
			path = FirestoreTest;
			sourceTree = "<group>";
		};
		4231E455621FE0638C6510BE /* Pods */ = {
			isa = PBXGroup;
			children = (
				78E627290A1F7C730B6C6295 /* Pods-FirestoreTest.debug.xcconfig */,
				448623DCC933FE2E4267A9F5 /* Pods-FirestoreTest.release.xcconfig */,
			);
			name = Pods;
			path = Pods;
			sourceTree = "<group>";
		};
		EA715DE5ECD2ABBF39CC9F81 /* Frameworks */ = {
			isa = PBXGroup;
			children = (
				1400C1F314E9CC28A59873E6 /* Pods_FirestoreTest.framework */,
			);
			name = Frameworks;
			sourceTree = "<group>";
		};
/* End PBXGroup section */

/* Begin PBXNativeTarget section */
		095CAF0E23CB078700503188 /* FirestoreTest */ = {
			isa = PBXNativeTarget;
			buildConfigurationList = 095CAF2323CB078B00503188 /* Build configuration list for PBXNativeTarget "FirestoreTest" */;
			buildPhases = (
				B67E653BB21EB552ABB14C8F /* [CP] Check Pods Manifest.lock */,
				095CAF0B23CB078700503188 /* Sources */,
				095CAF0C23CB078700503188 /* Frameworks */,
				095CAF0D23CB078700503188 /* Resources */,
				7925F4C5E366A43836ECBF79 /* [CP] Embed Pods Frameworks */,
			);
			buildRules = (
			);
			dependencies = (
			);
			name = FirestoreTest;
			productName = FirestoreTest;
			productReference = 095CAF0F23CB078700503188 /* FirestoreTest.app */;
			productType = "com.apple.product-type.application";
		};
/* End PBXNativeTarget section */

/* Begin PBXProject section */
		095CAF0723CB078700503188 /* Project object */ = {
			isa = PBXProject;
			attributes = {
				LastSwiftUpdateCheck = 1130;
				LastUpgradeCheck = 1130;
				ORGANIZATIONNAME = "Momoko Orita";
				TargetAttributes = {
					095CAF0E23CB078700503188 = {
						CreatedOnToolsVersion = 11.3;
					};
				};
			};
			buildConfigurationList = 095CAF0A23CB078700503188 /* Build configuration list for PBXProject "FirestoreTest" */;
			compatibilityVersion = "Xcode 9.3";
			developmentRegion = en;
			hasScannedForEncodings = 0;
			knownRegions = (
				en,
				Base,
			);
			mainGroup = 095CAF0623CB078700503188;
			productRefGroup = 095CAF1023CB078700503188 /* Products */;
			projectDirPath = "";
			projectRoot = "";
			targets = (
				095CAF0E23CB078700503188 /* FirestoreTest */,
			);
		};
/* End PBXProject section */

/* Begin PBXResourcesBuildPhase section */
		095CAF0D23CB078700503188 /* Resources */ = {
			isa = PBXResourcesBuildPhase;
			buildActionMask = 2147483647;
			files = (
				095CAF1F23CB078B00503188 /* LaunchScreen.storyboard in Resources */,
				095CAF1C23CB078B00503188 /* Assets.xcassets in Resources */,
				095CAF1A23CB078800503188 /* Main.storyboard in Resources */,
			);
			runOnlyForDeploymentPostprocessing = 0;
		};
/* End PBXResourcesBuildPhase section */

/* Begin PBXShellScriptBuildPhase section */
		7925F4C5E366A43836ECBF79 /* [CP] Embed Pods Frameworks */ = {
			isa = PBXShellScriptBuildPhase;
			buildActionMask = 2147483647;
			files = (
			);
			inputFileListPaths = (
				"${PODS_ROOT}/Target Support Files/Pods-FirestoreTest/Pods-FirestoreTest-frameworks-${CONFIGURATION}-input-files.xcfilelist",
			);
			name = "[CP] Embed Pods Frameworks";
			outputFileListPaths = (
				"${PODS_ROOT}/Target Support Files/Pods-FirestoreTest/Pods-FirestoreTest-frameworks-${CONFIGURATION}-output-files.xcfilelist",
			);
			runOnlyForDeploymentPostprocessing = 0;
			shellPath = /bin/sh;
			shellScript = "\"${PODS_ROOT}/Target Support Files/Pods-FirestoreTest/Pods-FirestoreTest-frameworks.sh\"\n";
			showEnvVarsInLog = 0;
		};
		B67E653BB21EB552ABB14C8F /* [CP] Check Pods Manifest.lock */ = {
			isa = PBXShellScriptBuildPhase;
			buildActionMask = 2147483647;
			files = (
			);
			inputFileListPaths = (
			);
			inputPaths = (
				"${PODS_PODFILE_DIR_PATH}/Podfile.lock",
				"${PODS_ROOT}/Manifest.lock",
			);
			name = "[CP] Check Pods Manifest.lock";
			outputFileListPaths = (
			);
			outputPaths = (
				"$(DERIVED_FILE_DIR)/Pods-FirestoreTest-checkManifestLockResult.txt",
			);
			runOnlyForDeploymentPostprocessing = 0;
			shellPath = /bin/sh;
			shellScript = "diff \"${PODS_PODFILE_DIR_PATH}/Podfile.lock\" \"${PODS_ROOT}/Manifest.lock\" > /dev/null\nif [ $? != 0 ] ; then\n    # print error to STDERR\n    echo \"error: The sandbox is not in sync with the Podfile.lock. Run 'pod install' or update your CocoaPods installation.\" >&2\n    exit 1\nfi\n# This output is used by Xcode 'outputs' to avoid re-running this script phase.\necho \"SUCCESS\" > \"${SCRIPT_OUTPUT_FILE_0}\"\n";
			showEnvVarsInLog = 0;
		};
/* End PBXShellScriptBuildPhase section */

/* Begin PBXSourcesBuildPhase section */
		095CAF0B23CB078700503188 /* Sources */ = {
			isa = PBXSourcesBuildPhase;
			buildActionMask = 2147483647;
			files = (
				095CAF1723CB078800503188 /* ViewController.swift in Sources */,
				095CAF1323CB078800503188 /* AppDelegate.swift in Sources */,
				095CAF1523CB078800503188 /* SceneDelegate.swift in Sources */,
			);
			runOnlyForDeploymentPostprocessing = 0;
		};
/* End PBXSourcesBuildPhase section */

/* Begin PBXVariantGroup section */
		095CAF1823CB078800503188 /* Main.storyboard */ = {
			isa = PBXVariantGroup;
			children = (
				095CAF1923CB078800503188 /* Base */,
			);
			name = Main.storyboard;
			sourceTree = "<group>";
		};
		095CAF1D23CB078B00503188 /* LaunchScreen.storyboard */ = {
			isa = PBXVariantGroup;
			children = (
				095CAF1E23CB078B00503188 /* Base */,
			);
			name = LaunchScreen.storyboard;
			sourceTree = "<group>";
		};
/* End PBXVariantGroup section */

/* Begin XCBuildConfiguration section */
		095CAF2123CB078B00503188 /* Debug */ = {
			isa = XCBuildConfiguration;
			buildSettings = {
				ALWAYS_SEARCH_USER_PATHS = NO;
				CLANG_ANALYZER_NONNULL = YES;
				CLANG_ANALYZER_NUMBER_OBJECT_CONVERSION = YES_AGGRESSIVE;
				CLANG_CXX_LANGUAGE_STANDARD = "gnu++14";
				CLANG_CXX_LIBRARY = "libc++";
				CLANG_ENABLE_MODULES = YES;
				CLANG_ENABLE_OBJC_ARC = YES;
				CLANG_ENABLE_OBJC_WEAK = YES;
				CLANG_WARN_BLOCK_CAPTURE_AUTORELEASING = YES;
				CLANG_WARN_BOOL_CONVERSION = YES;
				CLANG_WARN_COMMA = YES;
				CLANG_WARN_CONSTANT_CONVERSION = YES;
				CLANG_WARN_DEPRECATED_OBJC_IMPLEMENTATIONS = YES;
				CLANG_WARN_DIRECT_OBJC_ISA_USAGE = YES_ERROR;
				CLANG_WARN_DOCUMENTATION_COMMENTS = YES;
				CLANG_WARN_EMPTY_BODY = YES;
				CLANG_WARN_ENUM_CONVERSION = YES;
				CLANG_WARN_INFINITE_RECURSION = YES;
				CLANG_WARN_INT_CONVERSION = YES;
				CLANG_WARN_NON_LITERAL_NULL_CONVERSION = YES;
				CLANG_WARN_OBJC_IMPLICIT_RETAIN_SELF = YES;
				CLANG_WARN_OBJC_LITERAL_CONVERSION = YES;
				CLANG_WARN_OBJC_ROOT_CLASS = YES_ERROR;
				CLANG_WARN_RANGE_LOOP_ANALYSIS = YES;
				CLANG_WARN_STRICT_PROTOTYPES = YES;
				CLANG_WARN_SUSPICIOUS_MOVE = YES;
				CLANG_WARN_UNGUARDED_AVAILABILITY = YES_AGGRESSIVE;
				CLANG_WARN_UNREACHABLE_CODE = YES;
				CLANG_WARN__DUPLICATE_METHOD_MATCH = YES;
				COPY_PHASE_STRIP = NO;
				DEBUG_INFORMATION_FORMAT = dwarf;
				ENABLE_STRICT_OBJC_MSGSEND = YES;
				ENABLE_TESTABILITY = YES;
				GCC_C_LANGUAGE_STANDARD = gnu11;
				GCC_DYNAMIC_NO_PIC = NO;
				GCC_NO_COMMON_BLOCKS = YES;
				GCC_OPTIMIZATION_LEVEL = 0;
				GCC_PREPROCESSOR_DEFINITIONS = (
					"DEBUG=1",
					"$(inherited)",
				);
				GCC_WARN_64_TO_32_BIT_CONVERSION = YES;
				GCC_WARN_ABOUT_RETURN_TYPE = YES_ERROR;
				GCC_WARN_UNDECLARED_SELECTOR = YES;
				GCC_WARN_UNINITIALIZED_AUTOS = YES_AGGRESSIVE;
				GCC_WARN_UNUSED_FUNCTION = YES;
				GCC_WARN_UNUSED_VARIABLE = YES;
				IPHONEOS_DEPLOYMENT_TARGET = 13.2;
				MTL_ENABLE_DEBUG_INFO = INCLUDE_SOURCE;
				MTL_FAST_MATH = YES;
				ONLY_ACTIVE_ARCH = YES;
				SDKROOT = iphoneos;
				SWIFT_ACTIVE_COMPILATION_CONDITIONS = DEBUG;
				SWIFT_OPTIMIZATION_LEVEL = "-Onone";
			};
			name = Debug;
		};
		095CAF2223CB078B00503188 /* Release */ = {
			isa = XCBuildConfiguration;
			buildSettings = {
				ALWAYS_SEARCH_USER_PATHS = NO;
				CLANG_ANALYZER_NONNULL = YES;
				CLANG_ANALYZER_NUMBER_OBJECT_CONVERSION = YES_AGGRESSIVE;
				CLANG_CXX_LANGUAGE_STANDARD = "gnu++14";
				CLANG_CXX_LIBRARY = "libc++";
				CLANG_ENABLE_MODULES = YES;
				CLANG_ENABLE_OBJC_ARC = YES;
				CLANG_ENABLE_OBJC_WEAK = YES;
				CLANG_WARN_BLOCK_CAPTURE_AUTORELEASING = YES;
				CLANG_WARN_BOOL_CONVERSION = YES;
				CLANG_WARN_COMMA = YES;
				CLANG_WARN_CONSTANT_CONVERSION = YES;
				CLANG_WARN_DEPRECATED_OBJC_IMPLEMENTATIONS = YES;
				CLANG_WARN_DIRECT_OBJC_ISA_USAGE = YES_ERROR;
				CLANG_WARN_DOCUMENTATION_COMMENTS = YES;
				CLANG_WARN_EMPTY_BODY = YES;
				CLANG_WARN_ENUM_CONVERSION = YES;
				CLANG_WARN_INFINITE_RECURSION = YES;
				CLANG_WARN_INT_CONVERSION = YES;
				CLANG_WARN_NON_LITERAL_NULL_CONVERSION = YES;
				CLANG_WARN_OBJC_IMPLICIT_RETAIN_SELF = YES;
				CLANG_WARN_OBJC_LITERAL_CONVERSION = YES;
				CLANG_WARN_OBJC_ROOT_CLASS = YES_ERROR;
				CLANG_WARN_RANGE_LOOP_ANALYSIS = YES;
				CLANG_WARN_STRICT_PROTOTYPES = YES;
				CLANG_WARN_SUSPICIOUS_MOVE = YES;
				CLANG_WARN_UNGUARDED_AVAILABILITY = YES_AGGRESSIVE;
				CLANG_WARN_UNREACHABLE_CODE = YES;
				CLANG_WARN__DUPLICATE_METHOD_MATCH = YES;
				COPY_PHASE_STRIP = NO;
				DEBUG_INFORMATION_FORMAT = "dwarf-with-dsym";
				ENABLE_NS_ASSERTIONS = NO;
				ENABLE_STRICT_OBJC_MSGSEND = YES;
				GCC_C_LANGUAGE_STANDARD = gnu11;
				GCC_NO_COMMON_BLOCKS = YES;
				GCC_WARN_64_TO_32_BIT_CONVERSION = YES;
				GCC_WARN_ABOUT_RETURN_TYPE = YES_ERROR;
				GCC_WARN_UNDECLARED_SELECTOR = YES;
				GCC_WARN_UNINITIALIZED_AUTOS = YES_AGGRESSIVE;
				GCC_WARN_UNUSED_FUNCTION = YES;
				GCC_WARN_UNUSED_VARIABLE = YES;
				IPHONEOS_DEPLOYMENT_TARGET = 13.2;
				MTL_ENABLE_DEBUG_INFO = NO;
				MTL_FAST_MATH = YES;
				SDKROOT = iphoneos;
				SWIFT_COMPILATION_MODE = wholemodule;
				SWIFT_OPTIMIZATION_LEVEL = "-O";
				VALIDATE_PRODUCT = YES;
			};
			name = Release;
		};
		095CAF2423CB078B00503188 /* Debug */ = {
			isa = XCBuildConfiguration;
			baseConfigurationReference = 78E627290A1F7C730B6C6295 /* Pods-FirestoreTest.debug.xcconfig */;
			buildSettings = {
				ASSETCATALOG_COMPILER_APPICON_NAME = AppIcon;
				CODE_SIGN_STYLE = Automatic;
				INFOPLIST_FILE = FirestoreTest/Info.plist;
				LD_RUNPATH_SEARCH_PATHS = (
					"$(inherited)",
					"@executable_path/Frameworks",
				);
				PRODUCT_BUNDLE_IDENTIFIER = test.FirestoreTest;
				PRODUCT_NAME = "$(TARGET_NAME)";
				SWIFT_VERSION = 5.0;
				TARGETED_DEVICE_FAMILY = "1,2";
			};
			name = Debug;
		};
		095CAF2523CB078B00503188 /* Release */ = {
			isa = XCBuildConfiguration;
			baseConfigurationReference = 448623DCC933FE2E4267A9F5 /* Pods-FirestoreTest.release.xcconfig */;
			buildSettings = {
				ASSETCATALOG_COMPILER_APPICON_NAME = AppIcon;
				CODE_SIGN_STYLE = Automatic;
				INFOPLIST_FILE = FirestoreTest/Info.plist;
				LD_RUNPATH_SEARCH_PATHS = (
					"$(inherited)",
					"@executable_path/Frameworks",
				);
				PRODUCT_BUNDLE_IDENTIFIER = test.FirestoreTest;
				PRODUCT_NAME = "$(TARGET_NAME)";
				SWIFT_VERSION = 5.0;
				TARGETED_DEVICE_FAMILY = "1,2";
			};
			name = Release;
		};
/* End XCBuildConfiguration section */

/* Begin XCConfigurationList section */
		095CAF0A23CB078700503188 /* Build configuration list for PBXProject "FirestoreTest" */ = {
			isa = XCConfigurationList;
			buildConfigurations = (
				095CAF2123CB078B00503188 /* Debug */,
				095CAF2223CB078B00503188 /* Release */,
			);
			defaultConfigurationIsVisible = 0;
			defaultConfigurationName = Release;
		};
		095CAF2323CB078B00503188 /* Build configuration list for PBXNativeTarget "FirestoreTest" */ = {
			isa = XCConfigurationList;
			buildConfigurations = (
				095CAF2423CB078B00503188 /* Debug */,
				095CAF2523CB078B00503188 /* Release */,
			);
			defaultConfigurationIsVisible = 0;
			defaultConfigurationName = Release;
		};
/* End XCConfigurationList section */
	};
	rootObject = 095CAF0723CB078700503188 /* Project object */;
}
